
Microsoft Visual Studio Solution File, Format Version 12.00
# Visual Studio Version 16
VisualStudioVersion = 16.0.29926.136
MinimumVisualStudioVersion = 10.0.40219.1
Project("{FAE04EC0-301F-11D3-BF4B-00C04F79EFBC}") = "Lesson-12-CC-Properties", "Lesson-12-CC-Properties\Lesson-12-CC-Properties.csproj", "{B01045E0-AD03-4F54-A0BD-263846FEA763}"
EndProject
Global
	GlobalSection(SolutionConfigurationPlatforms) = preSolution
		Debug|Any CPU = Debug|Any CPU
		Release|Any CPU = Release|Any CPU
	EndGlobalSection
	GlobalSection(ProjectConfigurationPlatforms) = postSolution
		{B01045E0-AD03-4F54-A0BD-263846FEA763}.Debug|Any CPU.ActiveCfg = Debug|Any CPU
		{B01045E0-AD03-4F54-A0BD-263846FEA763}.Debug|Any CPU.Build.0 = Debug|Any CPU
		{B01045E0-AD03-4F54-A0BD-263846FEA763}.Release|Any CPU.ActiveCfg = Release|Any CPU
		{B01045E0-AD03-4F54-A0BD-263846FEA763}.Release|Any CPU.Build.0 = Release|Any CPU
	EndGlobalSection
	GlobalSection(SolutionProperties) = preSolution
		HideSolutionNode = FALSE
	EndGlobalSection
	GlobalSection(ExtensibilityGlobals) = postSolution
		SolutionGuid = {5DF3FD2D-4F6F-4A19-9EE9-86538859AAD8}
	EndGlobalSection
EndGlobal
